
Microsoft Visual Studio Solution File, Format Version 12.00
# Visual Studio Version 17
VisualStudioVersion = 17.0.31903.59
MinimumVisualStudioVersion = 10.0.40219.1
Project("{FAE04EC0-301F-11D3-BF4B-00C04F79EFBC}") = "MyLibrary", "MyLibrary\MyLibrary.csproj", "{DCB54571-FA54-4A2B-95B1-9B1B6413CE4E}"
EndProject
Project("{FAE04EC0-301F-11D3-BF4B-00C04F79EFBC}") = "MyConsoleApp", "MyConsoleApp\MyConsoleApp.csproj", "{7801EE5A-A3F6-4A0F-B790-731DCA6483CB}"
EndProject
Global
	GlobalSection(SolutionConfigurationPlatforms) = preSolution
		Debug|Any CPU = Debug|Any CPU
		Release|Any CPU = Release|Any CPU
	EndGlobalSection
	GlobalSection(SolutionProperties) = preSolution
		HideSolutionNode = FALSE
	EndGlobalSection
	GlobalSection(ProjectConfigurationPlatforms) = postSolution
		{DCB54571-FA54-4A2B-95B1-9B1B6413CE4E}.Debug|Any CPU.ActiveCfg = Debug|Any CPU
		{DCB54571-FA54-4A2B-95B1-9B1B6413CE4E}.Debug|Any CPU.Build.0 = Debug|Any CPU
		{DCB54571-FA54-4A2B-95B1-9B1B6413CE4E}.Release|Any CPU.ActiveCfg = Release|Any CPU
		{DCB54571-FA54-4A2B-95B1-9B1B6413CE4E}.Release|Any CPU.Build.0 = Release|Any CPU
		{7801EE5A-A3F6-4A0F-B790-731DCA6483CB}.Debug|Any CPU.ActiveCfg = Debug|Any CPU
		{7801EE5A-A3F6-4A0F-B790-731DCA6483CB}.Debug|Any CPU.Build.0 = Debug|Any CPU
		{7801EE5A-A3F6-4A0F-B790-731DCA6483CB}.Release|Any CPU.ActiveCfg = Release|Any CPU
		{7801EE5A-A3F6-4A0F-B790-731DCA6483CB}.Release|Any CPU.Build.0 = Release|Any CPU
	EndGlobalSection
EndGlobal
